[{<<"cowboy">>,
  {git,"https://github.com/ninenines/cowboy.git",
       {ref,"9e600f6c1df3c440bc196b66ebbc005d70107217"}},
  0},
 {<<"cowlib">>,
  {git,"https://github.com/ninenines/cowlib",
       {ref,"cc04201c1d0e1d5603cd1cde037ab729b192634c"}},
  1},
 {<<"dump">>,
  {git,"https://github.com/BumblebeeBat/dump",
       {ref,"f76a31cb29ba2241f9d90978c7188dc6aeae31de"}},
  1},
 {<<"encrypter">>,
  {git,"https://github.com/zack-bitcoin/encrypter",
       {ref,"304acda3f6148b041a44761c21e19be29dd9fcf5"}},
  1},
 {<<"jiffy">>,
  {git,"https://github.com/davisp/jiffy",
       {ref,"9ea1b35b6e60ba21dfd4adbd18e7916a831fd7d4"}},
  2},
 {<<"pink_hash">>,
  {git,"https://github.com/BumblebeeBat/pink_crypto",
       {ref,"fd79361eb3e7dc4e9ac5b36e38d58f3542755613"}},
  0},
 {<<"ranch">>,
  {git,"https://github.com/ninenines/ranch",
       {ref,"a692f44567034dacf5efcaa24a24183788594eb7"}},
  1},
 {<<"trie">>,
  {git,"https://github.com/BumblebeeBat/MerkleTrie",
       {ref,"2893945881349f6f409fe599564048c534b95c36"}},
  0}].
