[{<<"cowboy">>,
  {git,"https://github.com/ninenines/cowboy.git",
       {ref,"d08c2ab39d38c181abda279d5c2cadfac33a50c1"}},
  0},
 {<<"cowlib">>,
  {git,"https://github.com/ninenines/cowlib.git",
       {ref,"d544a494af4dbc810fc9c15eaf5cc050cced1501"}},
  1},
 {<<"dump">>,
  {git,"https://github.com/BumblebeeBat/dump",
       {ref,"eb163cf49e5a65e5f4cd2b8ad364bfba1fe268c1"}},
  1},
 {<<"encrypter">>,
  {git,"https://github.com/zack-bitcoin/encrypter",
       {ref,"05c7352698de4fb7288dd4b3a83b717cd90cdabd"}},
  2},
 {<<"jiffy">>,
  {git,"https://github.com/davisp/jiffy",
       {ref,"1febce3ca86c5ca5d5a3618ed3d5f125bb99e4c5"}},
  3},
 {<<"pink_hash">>,
  {git,"https://github.com/BumblebeeBat/pink_crypto",
       {ref,"15922aa08dc026ccf05a278466843ebced6cbfe7"}},
  1},
 {<<"ranch">>,
  {git,"https://github.com/ninenines/ranch.git",
       {ref,"adf1822defc2b7cfdc7aca112adabfa1d614043c"}},
  1},
 {<<"trie">>,
  {git,"https://github.com/BumblebeeBat/MerkleTrie",
       {ref,"616806e9e64c6e0dccd1d6708c7b33da00b28968"}},
  0}].
